// !$*UTF8*$!
{
	archiveVersion = 1;
	classes = {
	};
	objectVersion = 56;
	objects = {

/* Begin PBXBuildFile section */
		13775EDE2B6D68FB005FFD99 /* HaltApp.swift in Sources */ = {isa = PBXBuildFile; fileRef = 13775EDD2B6D68FB005FFD99 /* HaltApp.swift */; };
		13775EE02B6D68FB005FFD99 /* ContentView.swift in Sources */ = {isa = PBXBuildFile; fileRef = 13775EDF2B6D68FB005FFD99 /* ContentView.swift */; };
		13775EE22B6D68FC005FFD99 /* Assets.xcassets in Resources */ = {isa = PBXBuildFile; fileRef = 13775EE12B6D68FC005FFD99 /* Assets.xcassets */; };
		13775EE52B6D68FC005FFD99 /* Preview Assets.xcassets in Resources */ = {isa = PBXBuildFile; fileRef = 13775EE42B6D68FC005FFD99 /* Preview Assets.xcassets */; };
		13775EEF2B6D68FC005FFD99 /* HaltTests.swift in Sources */ = {isa = PBXBuildFile; fileRef = 13775EEE2B6D68FC005FFD99 /* HaltTests.swift */; };
		13775EF92B6D68FC005FFD99 /* HaltUITests.swift in Sources */ = {isa = PBXBuildFile; fileRef = 13775EF82B6D68FC005FFD99 /* HaltUITests.swift */; };
		13775EFB2B6D68FC005FFD99 /* HaltUITestsLaunchTests.swift in Sources */ = {isa = PBXBuildFile; fileRef = 13775EFA2B6D68FC005FFD99 /* HaltUITestsLaunchTests.swift */; };
		13775F092B6D6A36005FFD99 /* OnBoardingView.swift in Sources */ = {isa = PBXBuildFile; fileRef = 13775F082B6D6A36005FFD99 /* OnBoardingView.swift */; };
		13775F0B2B6D6CA2005FFD99 /* ReadView.swift in Sources */ = {isa = PBXBuildFile; fileRef = 13775F0A2B6D6CA2005FFD99 /* ReadView.swift */; };
		13775F0D2B6D6CB6005FFD99 /* InterruptionScreenSettingsView.swift in Sources */ = {isa = PBXBuildFile; fileRef = 13775F0C2B6D6CB6005FFD99 /* InterruptionScreenSettingsView.swift */; };
		13775F0F2B6D6CC1005FFD99 /* HomeView.swift in Sources */ = {isa = PBXBuildFile; fileRef = 13775F0E2B6D6CC1005FFD99 /* HomeView.swift */; };
		13775F1D2B6D94A8005FFD99 /* TutorialView.swift in Sources */ = {isa = PBXBuildFile; fileRef = 13775F1C2B6D94A8005FFD99 /* TutorialView.swift */; };
/* End PBXBuildFile section */

/* Begin PBXContainerItemProxy section */
		13775EEB2B6D68FC005FFD99 /* PBXContainerItemProxy */ = {
			isa = PBXContainerItemProxy;
			containerPortal = 13775ED22B6D68FA005FFD99 /* Project object */;
			proxyType = 1;
			remoteGlobalIDString = 13775ED92B6D68FA005FFD99;
			remoteInfo = Halt;
		};
		13775EF52B6D68FC005FFD99 /* PBXContainerItemProxy */ = {
			isa = PBXContainerItemProxy;
			containerPortal = 13775ED22B6D68FA005FFD99 /* Project object */;
			proxyType = 1;
			remoteGlobalIDString = 13775ED92B6D68FA005FFD99;
			remoteInfo = Halt;
		};
/* End PBXContainerItemProxy section */

/* Begin PBXFileReference section */
		13775EDA2B6D68FB005FFD99 /* Halt.app */ = {isa = PBXFileReference; explicitFileType = wrapper.application; includeInIndex = 0; path = Halt.app; sourceTree = BUILT_PRODUCTS_DIR; };
		13775EDD2B6D68FB005FFD99 /* HaltApp.swift */ = {isa = PBXFileReference; lastKnownFileType = sourcecode.swift; path = HaltApp.swift; sourceTree = "<group>"; };
		13775EDF2B6D68FB005FFD99 /* ContentView.swift */ = {isa = PBXFileReference; lastKnownFileType = sourcecode.swift; path = ContentView.swift; sourceTree = "<group>"; };
		13775EE12B6D68FC005FFD99 /* Assets.xcassets */ = {isa = PBXFileReference; lastKnownFileType = folder.assetcatalog; path = Assets.xcassets; sourceTree = "<group>"; };
		13775EE42B6D68FC005FFD99 /* Preview Assets.xcassets */ = {isa = PBXFileReference; lastKnownFileType = folder.assetcatalog; path = "Preview Assets.xcassets"; sourceTree = "<group>"; };
		13775EEA2B6D68FC005FFD99 /* HaltTests.xctest */ = {isa = PBXFileReference; explicitFileType = wrapper.cfbundle; includeInIndex = 0; path = HaltTests.xctest; sourceTree = BUILT_PRODUCTS_DIR; };
		13775EEE2B6D68FC005FFD99 /* HaltTests.swift */ = {isa = PBXFileReference; lastKnownFileType = sourcecode.swift; path = HaltTests.swift; sourceTree = "<group>"; };
		13775EF42B6D68FC005FFD99 /* HaltUITests.xctest */ = {isa = PBXFileReference; explicitFileType = wrapper.cfbundle; includeInIndex = 0; path = HaltUITests.xctest; sourceTree = BUILT_PRODUCTS_DIR; };
		13775EF82B6D68FC005FFD99 /* HaltUITests.swift */ = {isa = PBXFileReference; lastKnownFileType = sourcecode.swift; path = HaltUITests.swift; sourceTree = "<group>"; };
		13775EFA2B6D68FC005FFD99 /* HaltUITestsLaunchTests.swift */ = {isa = PBXFileReference; lastKnownFileType = sourcecode.swift; path = HaltUITestsLaunchTests.swift; sourceTree = "<group>"; };
		13775F082B6D6A36005FFD99 /* OnBoardingView.swift */ = {isa = PBXFileReference; lastKnownFileType = sourcecode.swift; path = OnBoardingView.swift; sourceTree = "<group>"; };
		13775F0A2B6D6CA2005FFD99 /* ReadView.swift */ = {isa = PBXFileReference; lastKnownFileType = sourcecode.swift; path = ReadView.swift; sourceTree = "<group>"; };
		13775F0C2B6D6CB6005FFD99 /* InterruptionScreenSettingsView.swift */ = {isa = PBXFileReference; lastKnownFileType = sourcecode.swift; path = InterruptionScreenSettingsView.swift; sourceTree = "<group>"; };
		13775F0E2B6D6CC1005FFD99 /* HomeView.swift */ = {isa = PBXFileReference; lastKnownFileType = sourcecode.swift; path = HomeView.swift; sourceTree = "<group>"; };
		13775F1C2B6D94A8005FFD99 /* TutorialView.swift */ = {isa = PBXFileReference; lastKnownFileType = sourcecode.swift; path = TutorialView.swift; sourceTree = "<group>"; };
/* End PBXFileReference section */

/* Begin PBXFrameworksBuildPhase section */
		13775ED72B6D68FA005FFD99 /* Frameworks */ = {
			isa = PBXFrameworksBuildPhase;
			buildActionMask = 2147483647;
			files = (
			);
			runOnlyForDeploymentPostprocessing = 0;
		};
		13775EE72B6D68FC005FFD99 /* Frameworks */ = {
			isa = PBXFrameworksBuildPhase;
			buildActionMask = 2147483647;
			files = (
			);
			runOnlyForDeploymentPostprocessing = 0;
		};
		13775EF12B6D68FC005FFD99 /* Frameworks */ = {
			isa = PBXFrameworksBuildPhase;
			buildActionMask = 2147483647;
			files = (
			);
			runOnlyForDeploymentPostprocessing = 0;
		};
/* End PBXFrameworksBuildPhase section */

/* Begin PBXGroup section */
		13775ED12B6D68FA005FFD99 = {
			isa = PBXGroup;
			children = (
				13775EDC2B6D68FB005FFD99 /* Halt */,
				13775EED2B6D68FC005FFD99 /* HaltTests */,
				13775EF72B6D68FC005FFD99 /* HaltUITests */,
				13775EDB2B6D68FB005FFD99 /* Products */,
			);
			sourceTree = "<group>";
		};
		13775EDB2B6D68FB005FFD99 /* Products */ = {
			isa = PBXGroup;
			children = (
				13775EDA2B6D68FB005FFD99 /* Halt.app */,
				13775EEA2B6D68FC005FFD99 /* HaltTests.xctest */,
				13775EF42B6D68FC005FFD99 /* HaltUITests.xctest */,
			);
			name = Products;
			sourceTree = "<group>";
		};
		13775EDC2B6D68FB005FFD99 /* Halt */ = {
			isa = PBXGroup;
			children = (
				13775F072B6D6A18005FFD99 /* Views */,
				13775EDD2B6D68FB005FFD99 /* HaltApp.swift */,
				13775EDF2B6D68FB005FFD99 /* ContentView.swift */,
				13775EE12B6D68FC005FFD99 /* Assets.xcassets */,
				13775EE32B6D68FC005FFD99 /* Preview Content */,
			);
			path = Halt;
			sourceTree = "<group>";
		};
		13775EE32B6D68FC005FFD99 /* Preview Content */ = {
			isa = PBXGroup;
			children = (
				13775EE42B6D68FC005FFD99 /* Preview Assets.xcassets */,
			);
			path = "Preview Content";
			sourceTree = "<group>";
		};
		13775EED2B6D68FC005FFD99 /* HaltTests */ = {
			isa = PBXGroup;
			children = (
				13775EEE2B6D68FC005FFD99 /* HaltTests.swift */,
			);
			path = HaltTests;
			sourceTree = "<group>";
		};
		13775EF72B6D68FC005FFD99 /* HaltUITests */ = {
			isa = PBXGroup;
			children = (
				13775EF82B6D68FC005FFD99 /* HaltUITests.swift */,
				13775EFA2B6D68FC005FFD99 /* HaltUITestsLaunchTests.swift */,
			);
			path = HaltUITests;
			sourceTree = "<group>";
		};
		13775F072B6D6A18005FFD99 /* Views */ = {
			isa = PBXGroup;
			children = (
				13775F1B2B6D93DC005FFD99 /* onboarding */,
				13775F0A2B6D6CA2005FFD99 /* ReadView.swift */,
				13775F0C2B6D6CB6005FFD99 /* InterruptionScreenSettingsView.swift */,
				13775F0E2B6D6CC1005FFD99 /* HomeView.swift */,
			);
			path = Views;
			sourceTree = "<group>";
		};
		13775F1B2B6D93DC005FFD99 /* onboarding */ = {
			isa = PBXGroup;
			children = (
				13775F082B6D6A36005FFD99 /* OnBoardingView.swift */,
				13775F1C2B6D94A8005FFD99 /* TutorialView.swift */,
			);
			path = onboarding;
			sourceTree = "<group>";
		};
/* End PBXGroup section */

/* Begin PBXNativeTarget section */
		13775ED92B6D68FA005FFD99 /* Halt */ = {
			isa = PBXNativeTarget;
			buildConfigurationList = 13775EFE2B6D68FC005FFD99 /* Build configuration list for PBXNativeTarget "Halt" */;
			buildPhases = (
				13775ED62B6D68FA005FFD99 /* Sources */,
				13775ED72B6D68FA005FFD99 /* Frameworks */,
				13775ED82B6D68FA005FFD99 /* Resources */,
			);
			buildRules = (
			);
			dependencies = (
			);
			name = Halt;
			productName = Halt;
			productReference = 13775EDA2B6D68FB005FFD99 /* Halt.app */;
			productType = "com.apple.product-type.application";
		};
		13775EE92B6D68FC005FFD99 /* HaltTests */ = {
			isa = PBXNativeTarget;
			buildConfigurationList = 13775F012B6D68FC005FFD99 /* Build configuration list for PBXNativeTarget "HaltTests" */;
			buildPhases = (
				13775EE62B6D68FC005FFD99 /* Sources */,
				13775EE72B6D68FC005FFD99 /* Frameworks */,
				13775EE82B6D68FC005FFD99 /* Resources */,
			);
			buildRules = (
			);
			dependencies = (
				13775EEC2B6D68FC005FFD99 /* PBXTargetDependency */,
			);
			name = HaltTests;
			productName = HaltTests;
			productReference = 13775EEA2B6D68FC005FFD99 /* HaltTests.xctest */;
			productType = "com.apple.product-type.bundle.unit-test";
		};
		13775EF32B6D68FC005FFD99 /* HaltUITests */ = {
			isa = PBXNativeTarget;
			buildConfigurationList = 13775F042B6D68FC005FFD99 /* Build configuration list for PBXNativeTarget "HaltUITests" */;
			buildPhases = (
				13775EF02B6D68FC005FFD99 /* Sources */,
				13775EF12B6D68FC005FFD99 /* Frameworks */,
				13775EF22B6D68FC005FFD99 /* Resources */,
			);
			buildRules = (
			);
			dependencies = (
				13775EF62B6D68FC005FFD99 /* PBXTargetDependency */,
			);
			name = HaltUITests;
			productName = HaltUITests;
			productReference = 13775EF42B6D68FC005FFD99 /* HaltUITests.xctest */;
			productType = "com.apple.product-type.bundle.ui-testing";
		};
/* End PBXNativeTarget section */

/* Begin PBXProject section */
		13775ED22B6D68FA005FFD99 /* Project object */ = {
			isa = PBXProject;
			attributes = {
				BuildIndependentTargetsInParallel = 1;
				LastSwiftUpdateCheck = 1510;
				LastUpgradeCheck = 1510;
				TargetAttributes = {
					13775ED92B6D68FA005FFD99 = {
						CreatedOnToolsVersion = 15.1;
					};
					13775EE92B6D68FC005FFD99 = {
						CreatedOnToolsVersion = 15.1;
						TestTargetID = 13775ED92B6D68FA005FFD99;
					};
					13775EF32B6D68FC005FFD99 = {
						CreatedOnToolsVersion = 15.1;
						TestTargetID = 13775ED92B6D68FA005FFD99;
					};
				};
			};
			buildConfigurationList = 13775ED52B6D68FA005FFD99 /* Build configuration list for PBXProject "Halt" */;
			compatibilityVersion = "Xcode 14.0";
			developmentRegion = en;
			hasScannedForEncodings = 0;
			knownRegions = (
				en,
				Base,
			);
			mainGroup = 13775ED12B6D68FA005FFD99;
			productRefGroup = 13775EDB2B6D68FB005FFD99 /* Products */;
			projectDirPath = "";
			projectRoot = "";
			targets = (
				13775ED92B6D68FA005FFD99 /* Halt */,
				13775EE92B6D68FC005FFD99 /* HaltTests */,
				13775EF32B6D68FC005FFD99 /* HaltUITests */,
			);
		};
/* End PBXProject section */

/* Begin PBXResourcesBuildPhase section */
		13775ED82B6D68FA005FFD99 /* Resources */ = {
			isa = PBXResourcesBuildPhase;
			buildActionMask = 2147483647;
			files = (
				13775EE52B6D68FC005FFD99 /* Preview Assets.xcassets in Resources */,
				13775EE22B6D68FC005FFD99 /* Assets.xcassets in Resources */,
			);
			runOnlyForDeploymentPostprocessing = 0;
		};
		13775EE82B6D68FC005FFD99 /* Resources */ = {
			isa = PBXResourcesBuildPhase;
			buildActionMask = 2147483647;
			files = (
			);
			runOnlyForDeploymentPostprocessing = 0;
		};
		13775EF22B6D68FC005FFD99 /* Resources */ = {
			isa = PBXResourcesBuildPhase;
			buildActionMask = 2147483647;
			files = (
			);
			runOnlyForDeploymentPostprocessing = 0;
		};
/* End PBXResourcesBuildPhase section */

/* Begin PBXSourcesBuildPhase section */
		13775ED62B6D68FA005FFD99 /* Sources */ = {
			isa = PBXSourcesBuildPhase;
			buildActionMask = 2147483647;
			files = (
				13775F1D2B6D94A8005FFD99 /* TutorialView.swift in Sources */,
				13775F0B2B6D6CA2005FFD99 /* ReadView.swift in Sources */,
				13775F092B6D6A36005FFD99 /* OnBoardingView.swift in Sources */,
				13775F0D2B6D6CB6005FFD99 /* InterruptionScreenSettingsView.swift in Sources */,
				13775F0F2B6D6CC1005FFD99 /* HomeView.swift in Sources */,
				13775EE02B6D68FB005FFD99 /* ContentView.swift in Sources */,
				13775EDE2B6D68FB005FFD99 /* HaltApp.swift in Sources */,
			);
			runOnlyForDeploymentPostprocessing = 0;
		};
		13775EE62B6D68FC005FFD99 /* Sources */ = {
			isa = PBXSourcesBuildPhase;
			buildActionMask = 2147483647;
			files = (
				13775EEF2B6D68FC005FFD99 /* HaltTests.swift in Sources */,
			);
			runOnlyForDeploymentPostprocessing = 0;
		};
		13775EF02B6D68FC005FFD99 /* Sources */ = {
			isa = PBXSourcesBuildPhase;
			buildActionMask = 2147483647;
			files = (
				13775EF92B6D68FC005FFD99 /* HaltUITests.swift in Sources */,
				13775EFB2B6D68FC005FFD99 /* HaltUITestsLaunchTests.swift in Sources */,
			);
			runOnlyForDeploymentPostprocessing = 0;
		};
/* End PBXSourcesBuildPhase section */

/* Begin PBXTargetDependency section */
		13775EEC2B6D68FC005FFD99 /* PBXTargetDependency */ = {
			isa = PBXTargetDependency;
			target = 13775ED92B6D68FA005FFD99 /* Halt */;
			targetProxy = 13775EEB2B6D68FC005FFD99 /* PBXContainerItemProxy */;
		};
		13775EF62B6D68FC005FFD99 /* PBXTargetDependency */ = {
			isa = PBXTargetDependency;
			target = 13775ED92B6D68FA005FFD99 /* Halt */;
			targetProxy = 13775EF52B6D68FC005FFD99 /* PBXContainerItemProxy */;
		};
/* End PBXTargetDependency section */

/* Begin XCBuildConfiguration section */
		13775EFC2B6D68FC005FFD99 /* Debug */ = {
			isa = XCBuildConfiguration;
			buildSettings = {
				ALWAYS_SEARCH_USER_PATHS = NO;
				ASSETCATALOG_COMPILER_GENERATE_SWIFT_ASSET_SYMBOL_EXTENSIONS = YES;
				CLANG_ANALYZER_NONNULL = YES;
				CLANG_ANALYZER_NUMBER_OBJECT_CONVERSION = YES_AGGRESSIVE;
				CLANG_CXX_LANGUAGE_STANDARD = "gnu++20";
				CLANG_ENABLE_MODULES = YES;
				CLANG_ENABLE_OBJC_ARC = YES;
				CLANG_ENABLE_OBJC_WEAK = YES;
				CLANG_WARN_BLOCK_CAPTURE_AUTORELEASING = YES;
				CLANG_WARN_BOOL_CONVERSION = YES;
				CLANG_WARN_COMMA = YES;
				CLANG_WARN_CONSTANT_CONVERSION = YES;
				CLANG_WARN_DEPRECATED_OBJC_IMPLEMENTATIONS = YES;
				CLANG_WARN_DIRECT_OBJC_ISA_USAGE = YES_ERROR;
				CLANG_WARN_DOCUMENTATION_COMMENTS = YES;
				CLANG_WARN_EMPTY_BODY = YES;
				CLANG_WARN_ENUM_CONVERSION = YES;
				CLANG_WARN_INFINITE_RECURSION = YES;
				CLANG_WARN_INT_CONVERSION = YES;
				CLANG_WARN_NON_LITERAL_NULL_CONVERSION = YES;
				CLANG_WARN_OBJC_IMPLICIT_RETAIN_SELF = YES;
				CLANG_WARN_OBJC_LITERAL_CONVERSION = YES;
				CLANG_WARN_OBJC_ROOT_CLASS = YES_ERROR;
				CLANG_WARN_QUOTED_INCLUDE_IN_FRAMEWORK_HEADER = YES;
				CLANG_WARN_RANGE_LOOP_ANALYSIS = YES;
				CLANG_WARN_STRICT_PROTOTYPES = YES;
				CLANG_WARN_SUSPICIOUS_MOVE = YES;
				CLANG_WARN_UNGUARDED_AVAILABILITY = YES_AGGRESSIVE;
				CLANG_WARN_UNREACHABLE_CODE = YES;
				CLANG_WARN__DUPLICATE_METHOD_MATCH = YES;
				COPY_PHASE_STRIP = NO;
				DEBUG_INFORMATION_FORMAT = dwarf;
				ENABLE_STRICT_OBJC_MSGSEND = YES;
				ENABLE_TESTABILITY = YES;
				ENABLE_USER_SCRIPT_SANDBOXING = YES;
				GCC_C_LANGUAGE_STANDARD = gnu17;
				GCC_DYNAMIC_NO_PIC = NO;
				GCC_NO_COMMON_BLOCKS = YES;
				GCC_OPTIMIZATION_LEVEL = 0;
				GCC_PREPROCESSOR_DEFINITIONS = (
					"DEBUG=1",
					"$(inherited)",
				);
				GCC_WARN_64_TO_32_BIT_CONVERSION = YES;
				GCC_WARN_ABOUT_RETURN_TYPE = YES_ERROR;
				GCC_WARN_UNDECLARED_SELECTOR = YES;
				GCC_WARN_UNINITIALIZED_AUTOS = YES_AGGRESSIVE;
				GCC_WARN_UNUSED_FUNCTION = YES;
				GCC_WARN_UNUSED_VARIABLE = YES;
				IPHONEOS_DEPLOYMENT_TARGET = 17.2;
				LOCALIZATION_PREFERS_STRING_CATALOGS = YES;
				MTL_ENABLE_DEBUG_INFO = INCLUDE_SOURCE;
				MTL_FAST_MATH = YES;
				ONLY_ACTIVE_ARCH = YES;
				SDKROOT = iphoneos;
				SWIFT_ACTIVE_COMPILATION_CONDITIONS = "DEBUG $(inherited)";
				SWIFT_OPTIMIZATION_LEVEL = "-Onone";
			};
			name = Debug;
		};
		13775EFD2B6D68FC005FFD99 /* Release */ = {
			isa = XCBuildConfiguration;
			buildSettings = {
				ALWAYS_SEARCH_USER_PATHS = NO;
				ASSETCATALOG_COMPILER_GENERATE_SWIFT_ASSET_SYMBOL_EXTENSIONS = YES;
				CLANG_ANALYZER_NONNULL = YES;
				CLANG_ANALYZER_NUMBER_OBJECT_CONVERSION = YES_AGGRESSIVE;
				CLANG_CXX_LANGUAGE_STANDARD = "gnu++20";
				CLANG_ENABLE_MODULES = YES;
				CLANG_ENABLE_OBJC_ARC = YES;
				CLANG_ENABLE_OBJC_WEAK = YES;
				CLANG_WARN_BLOCK_CAPTURE_AUTORELEASING = YES;
				CLANG_WARN_BOOL_CONVERSION = YES;
				CLANG_WARN_COMMA = YES;
				CLANG_WARN_CONSTANT_CONVERSION = YES;
				CLANG_WARN_DEPRECATED_OBJC_IMPLEMENTATIONS = YES;
				CLANG_WARN_DIRECT_OBJC_ISA_USAGE = YES_ERROR;
				CLANG_WARN_DOCUMENTATION_COMMENTS = YES;
				CLANG_WARN_EMPTY_BODY = YES;
				CLANG_WARN_ENUM_CONVERSION = YES;
				CLANG_WARN_INFINITE_RECURSION = YES;
				CLANG_WARN_INT_CONVERSION = YES;
				CLANG_WARN_NON_LITERAL_NULL_CONVERSION = YES;
				CLANG_WARN_OBJC_IMPLICIT_RETAIN_SELF = YES;
				CLANG_WARN_OBJC_LITERAL_CONVERSION = YES;
				CLANG_WARN_OBJC_ROOT_CLASS = YES_ERROR;
				CLANG_WARN_QUOTED_INCLUDE_IN_FRAMEWORK_HEADER = YES;
				CLANG_WARN_RANGE_LOOP_ANALYSIS = YES;
				CLANG_WARN_STRICT_PROTOTYPES = YES;
				CLANG_WARN_SUSPICIOUS_MOVE = YES;
				CLANG_WARN_UNGUARDED_AVAILABILITY = YES_AGGRESSIVE;
				CLANG_WARN_UNREACHABLE_CODE = YES;
				CLANG_WARN__DUPLICATE_METHOD_MATCH = YES;
				COPY_PHASE_STRIP = NO;
				DEBUG_INFORMATION_FORMAT = "dwarf-with-dsym";
				ENABLE_NS_ASSERTIONS = NO;
				ENABLE_STRICT_OBJC_MSGSEND = YES;
				ENABLE_USER_SCRIPT_SANDBOXING = YES;
				GCC_C_LANGUAGE_STANDARD = gnu17;
				GCC_NO_COMMON_BLOCKS = YES;
				GCC_WARN_64_TO_32_BIT_CONVERSION = YES;
				GCC_WARN_ABOUT_RETURN_TYPE = YES_ERROR;
				GCC_WARN_UNDECLARED_SELECTOR = YES;
				GCC_WARN_UNINITIALIZED_AUTOS = YES_AGGRESSIVE;
				GCC_WARN_UNUSED_FUNCTION = YES;
				GCC_WARN_UNUSED_VARIABLE = YES;
				IPHONEOS_DEPLOYMENT_TARGET = 17.2;
				LOCALIZATION_PREFERS_STRING_CATALOGS = YES;
				MTL_ENABLE_DEBUG_INFO = NO;
				MTL_FAST_MATH = YES;
				SDKROOT = iphoneos;
				SWIFT_COMPILATION_MODE = wholemodule;
				VALIDATE_PRODUCT = YES;
			};
			name = Release;
		};
		13775EFF2B6D68FC005FFD99 /* Debug */ = {
			isa = XCBuildConfiguration;
			buildSettings = {
				ASSETCATALOG_COMPILER_APPICON_NAME = AppIcon;
				ASSETCATALOG_COMPILER_GLOBAL_ACCENT_COLOR_NAME = AccentColor;
				CODE_SIGN_STYLE = Automatic;
				CURRENT_PROJECT_VERSION = 1;
				DEVELOPMENT_ASSET_PATHS = "\"Halt/Preview Content\"";
				DEVELOPMENT_TEAM = 8D986K5BLR;
				ENABLE_PREVIEWS = YES;
				GENERATE_INFOPLIST_FILE = YES;
				INFOPLIST_KEY_UIApplicationSceneManifest_Generation = YES;
				INFOPLIST_KEY_UIApplicationSupportsIndirectInputEvents = YES;
				INFOPLIST_KEY_UILaunchScreen_Generation = YES;
				INFOPLIST_KEY_UISupportedInterfaceOrientations_iPad = "UIInterfaceOrientationPortrait UIInterfaceOrientationPortraitUpsideDown UIInterfaceOrientationLandscapeLeft UIInterfaceOrientationLandscapeRight";
				INFOPLIST_KEY_UISupportedInterfaceOrientations_iPhone = "UIInterfaceOrientationPortrait UIInterfaceOrientationLandscapeLeft UIInterfaceOrientationLandscapeRight";
				LD_RUNPATH_SEARCH_PATHS = (
					"$(inherited)",
					"@executable_path/Frameworks",
				);
				MARKETING_VERSION = 1.0;
				PRODUCT_BUNDLE_IDENTIFIER = chiduanush.Halt;
				PRODUCT_NAME = "$(TARGET_NAME)";
				SWIFT_EMIT_LOC_STRINGS = YES;
				SWIFT_VERSION = 5.0;
				TARGETED_DEVICE_FAMILY = "1,2";
			};
			name = Debug;
		};
		13775F002B6D68FC005FFD99 /* Release */ = {
			isa = XCBuildConfiguration;
			buildSettings = {
				ASSETCATALOG_COMPILER_APPICON_NAME = AppIcon;
				ASSETCATALOG_COMPILER_GLOBAL_ACCENT_COLOR_NAME = AccentColor;
				CODE_SIGN_STYLE = Automatic;
				CURRENT_PROJECT_VERSION = 1;
				DEVELOPMENT_ASSET_PATHS = "\"Halt/Preview Content\"";
				DEVELOPMENT_TEAM = 8D986K5BLR;
				ENABLE_PREVIEWS = YES;
				GENERATE_INFOPLIST_FILE = YES;
				INFOPLIST_KEY_UIApplicationSceneManifest_Generation = YES;
				INFOPLIST_KEY_UIApplicationSupportsIndirectInputEvents = YES;
				INFOPLIST_KEY_UILaunchScreen_Generation = YES;
				INFOPLIST_KEY_UISupportedInterfaceOrientations_iPad = "UIInterfaceOrientationPortrait UIInterfaceOrientationPortraitUpsideDown UIInterfaceOrientationLandscapeLeft UIInterfaceOrientationLandscapeRight";
				INFOPLIST_KEY_UISupportedInterfaceOrientations_iPhone = "UIInterfaceOrientationPortrait UIInterfaceOrientationLandscapeLeft UIInterfaceOrientationLandscapeRight";
				LD_RUNPATH_SEARCH_PATHS = (
					"$(inherited)",
					"@executable_path/Frameworks",
				);
				MARKETING_VERSION = 1.0;
				PRODUCT_BUNDLE_IDENTIFIER = chiduanush.Halt;
				PRODUCT_NAME = "$(TARGET_NAME)";
				SWIFT_EMIT_LOC_STRINGS = YES;
				SWIFT_VERSION = 5.0;
				TARGETED_DEVICE_FAMILY = "1,2";
			};
			name = Release;
		};
		13775F022B6D68FC005FFD99 /* Debug */ = {
			isa = XCBuildConfiguration;
			buildSettings = {
				ALWAYS_EMBED_SWIFT_STANDARD_LIBRARIES = YES;
				BUNDLE_LOADER = "$(TEST_HOST)";
				CODE_SIGN_STYLE = Automatic;
				CURRENT_PROJECT_VERSION = 1;
				DEVELOPMENT_TEAM = 8D986K5BLR;
				GENERATE_INFOPLIST_FILE = YES;
				IPHONEOS_DEPLOYMENT_TARGET = 17.2;
				MARKETING_VERSION = 1.0;
				PRODUCT_BUNDLE_IDENTIFIER = chiduanush.HaltTests;
				PRODUCT_NAME = "$(TARGET_NAME)";
				SWIFT_EMIT_LOC_STRINGS = NO;
				SWIFT_VERSION = 5.0;
				TARGETED_DEVICE_FAMILY = "1,2";
				TEST_HOST = "$(BUILT_PRODUCTS_DIR)/Halt.app/$(BUNDLE_EXECUTABLE_FOLDER_PATH)/Halt";
			};
			name = Debug;
		};
		13775F032B6D68FC005FFD99 /* Release */ = {
			isa = XCBuildConfiguration;
			buildSettings = {
				ALWAYS_EMBED_SWIFT_STANDARD_LIBRARIES = YES;
				BUNDLE_LOADER = "$(TEST_HOST)";
				CODE_SIGN_STYLE = Automatic;
				CURRENT_PROJECT_VERSION = 1;
				DEVELOPMENT_TEAM = 8D986K5BLR;
				GENERATE_INFOPLIST_FILE = YES;
				IPHONEOS_DEPLOYMENT_TARGET = 17.2;
				MARKETING_VERSION = 1.0;
				PRODUCT_BUNDLE_IDENTIFIER = chiduanush.HaltTests;
				PRODUCT_NAME = "$(TARGET_NAME)";
				SWIFT_EMIT_LOC_STRINGS = NO;
				SWIFT_VERSION = 5.0;
				TARGETED_DEVICE_FAMILY = "1,2";
				TEST_HOST = "$(BUILT_PRODUCTS_DIR)/Halt.app/$(BUNDLE_EXECUTABLE_FOLDER_PATH)/Halt";
			};
			name = Release;
		};
		13775F052B6D68FC005FFD99 /* Debug */ = {
			isa = XCBuildConfiguration;
			buildSettings = {
				ALWAYS_EMBED_SWIFT_STANDARD_LIBRARIES = YES;
				CODE_SIGN_STYLE = Automatic;
				CURRENT_PROJECT_VERSION = 1;
				DEVELOPMENT_TEAM = 8D986K5BLR;
				GENERATE_INFOPLIST_FILE = YES;
				MARKETING_VERSION = 1.0;
				PRODUCT_BUNDLE_IDENTIFIER = chiduanush.HaltUITests;
				PRODUCT_NAME = "$(TARGET_NAME)";
				SWIFT_EMIT_LOC_STRINGS = NO;
				SWIFT_VERSION = 5.0;
				TARGETED_DEVICE_FAMILY = "1,2";
				TEST_TARGET_NAME = Halt;
			};
			name = Debug;
		};
		13775F062B6D68FC005FFD99 /* Release */ = {
			isa = XCBuildConfiguration;
			buildSettings = {
				ALWAYS_EMBED_SWIFT_STANDARD_LIBRARIES = YES;
				CODE_SIGN_STYLE = Automatic;
				CURRENT_PROJECT_VERSION = 1;
				DEVELOPMENT_TEAM = 8D986K5BLR;
				GENERATE_INFOPLIST_FILE = YES;
				MARKETING_VERSION = 1.0;
				PRODUCT_BUNDLE_IDENTIFIER = chiduanush.HaltUITests;
				PRODUCT_NAME = "$(TARGET_NAME)";
				SWIFT_EMIT_LOC_STRINGS = NO;
				SWIFT_VERSION = 5.0;
				TARGETED_DEVICE_FAMILY = "1,2";
				TEST_TARGET_NAME = Halt;
			};
			name = Release;
		};
/* End XCBuildConfiguration section */

/* Begin XCConfigurationList section */
		13775ED52B6D68FA005FFD99 /* Build configuration list for PBXProject "Halt" */ = {
			isa = XCConfigurationList;
			buildConfigurations = (
				13775EFC2B6D68FC005FFD99 /* Debug */,
				13775EFD2B6D68FC005FFD99 /* Release */,
			);
			defaultConfigurationIsVisible = 0;
			defaultConfigurationName = Release;
		};
		13775EFE2B6D68FC005FFD99 /* Build configuration list for PBXNativeTarget "Halt" */ = {
			isa = XCConfigurationList;
			buildConfigurations = (
				13775EFF2B6D68FC005FFD99 /* Debug */,
				13775F002B6D68FC005FFD99 /* Release */,
			);
			defaultConfigurationIsVisible = 0;
			defaultConfigurationName = Release;
		};
		13775F012B6D68FC005FFD99 /* Build configuration list for PBXNativeTarget "HaltTests" */ = {
			isa = XCConfigurationList;
			buildConfigurations = (
				13775F022B6D68FC005FFD99 /* Debug */,
				13775F032B6D68FC005FFD99 /* Release */,
			);
			defaultConfigurationIsVisible = 0;
			defaultConfigurationName = Release;
		};
		13775F042B6D68FC005FFD99 /* Build configuration list for PBXNativeTarget "HaltUITests" */ = {
			isa = XCConfigurationList;
			buildConfigurations = (
				13775F052B6D68FC005FFD99 /* Debug */,
				13775F062B6D68FC005FFD99 /* Release */,
			);
			defaultConfigurationIsVisible = 0;
			defaultConfigurationName = Release;
		};
/* End XCConfigurationList section */
	};
	rootObject = 13775ED22B6D68FA005FFD99 /* Project object */;
}
